{
  "name": "config-sets",
  "version": "3.0.0-beta.6",
  "lockfileVersion": 3,
  "requires": true,
  "packages": {
    "": {
      "name": "config-sets",
      "version": "3.0.0-beta.6",
      "license": "MIT",
      "dependencies": {
        "data-context": "^2.0.0-beta.9"
      },
      "funding": {
        "url": "https://manuel-lohmus.github.io/config-sets/README.html#license"
      }
    },
    "node_modules/data-context": {
      "version": "2.0.0-beta.10",
      "resolved": "https://registry.npmjs.org/data-context/-/data-context-2.0.0-beta.10.tgz",
      "integrity": "sha512-0dwPWiYtwfaHfKB57M2Fi9j5gHVi6rkpedGBEkR2O1N0uEM8ughtVgQMe8FYMepFHFubmHWSyz7HWKj5aE5Ylw==",
      "funding": {
        "url": "https://manuel-lohmus.github.io/data-context/README.html#license"
      }
    }
  }
}
