{
  "name": "config-sets",
  "version": "3.0.0-beta.1",
  "lockfileVersion": 3,
  "requires": true,
  "packages": {
    "": {
      "name": "config-sets",
      "version": "3.0.0-beta.1",
      "license": "MIT",
      "dependencies": {
        "data-context": "2.0.0-beta.5"
      },
      "funding": {
        "url": "https://manuel-lohmus.github.io/config-sets/README.html#license"
      }
    },
    "node_modules/data-context": {
      "version": "2.0.0-beta.5",
      "resolved": "https://registry.npmjs.org/data-context/-/data-context-2.0.0-beta.5.tgz",
      "integrity": "sha512-gN/Fi4X8YzjzDnMgEKHMWLbOxH3ILGOFXyzo7kMYfqLYFg3MkvDCetmE52IzTLdYCLlLf7UiKgplN1uBdbprEA==",
      "funding": {
        "url": "https://manuel-lohmus.github.io/data-context/README.html#license"
      }
    }
  }
}
