{
  "name": "config-sets",
  "version": "3.0.0-beta.10",
  "lockfileVersion": 3,
  "requires": true,
  "packages": {
    "": {
      "name": "config-sets",
      "version": "3.0.0-beta.10",
      "license": "MIT",
      "dependencies": {
        "data-context": "^2.0.0-beta.18"
      },
      "funding": {
        "url": "https://manuel-lohmus.github.io/config-sets/README.html#license"
      }
    },
    "node_modules/data-context": {
      "version": "2.0.0-beta.18",
      "resolved": "https://registry.npmjs.org/data-context/-/data-context-2.0.0-beta.18.tgz",
      "integrity": "sha512-S9VzUjnCIWzDgzlaXV0K2VzSLuFEGhj+aCSSo+a31G2fgtcosDj0mxsRjzlkbNcLqLK8uXm1Zug9N+UxJ3V/Sw==",
      "funding": {
        "url": "https://manuel-lohmus.github.io/data-context/README.html#license"
      }
    }
  }
}
